// !$*UTF8*$!
{
	archiveVersion = 1;
	classes = {
	};
	objectVersion = 50;
	objects = {

/* Begin PBXBuildFile section */
		586ED188253100E5008C6ADB /* Vibrate.swift in Sources */ = {isa = PBXBuildFile; fileRef = 586ED187253100E5008C6ADB /* Vibrate.swift */; };
		587F8866252F85CC005EF786 /* Label.swift in Sources */ = {isa = PBXBuildFile; fileRef = 587F884E252F85CC005EF786 /* Label.swift */; };
		587F8868252F85CC005EF786 /* FormViewItemProtocol.swift in Sources */ = {isa = PBXBuildFile; fileRef = 587F8850252F85CC005EF786 /* FormViewItemProtocol.swift */; };
		587F8869252F85CC005EF786 /* ReadonlyFieldItem.swift in Sources */ = {isa = PBXBuildFile; fileRef = 587F8851252F85CC005EF786 /* ReadonlyFieldItem.swift */; };
		587F886A252F85CC005EF786 /* FormViewCellProtocol.swift in Sources */ = {isa = PBXBuildFile; fileRef = 587F8852252F85CC005EF786 /* FormViewCellProtocol.swift */; };
		587F886B252F85CC005EF786 /* Typography.swift in Sources */ = {isa = PBXBuildFile; fileRef = 587F8853252F85CC005EF786 /* Typography.swift */; };
		587F886C252F85CC005EF786 /* Font.swift in Sources */ = {isa = PBXBuildFile; fileRef = 587F8854252F85CC005EF786 /* Font.swift */; };
		587F886D252F85CC005EF786 /* SplashViewController.swift in Sources */ = {isa = PBXBuildFile; fileRef = 587F8855252F85CC005EF786 /* SplashViewController.swift */; };
		587F886E252F85CC005EF786 /* FormView.swift in Sources */ = {isa = PBXBuildFile; fileRef = 587F8856252F85CC005EF786 /* FormView.swift */; };
		587F886F252F85CC005EF786 /* OpenSans-SemiBold.ttf in Resources */ = {isa = PBXBuildFile; fileRef = 587F8858252F85CC005EF786 /* OpenSans-SemiBold.ttf */; };
		587F8870252F85CC005EF786 /* OpenSans-Light.ttf in Resources */ = {isa = PBXBuildFile; fileRef = 587F8859252F85CC005EF786 /* OpenSans-Light.ttf */; };
		587F8871252F85CC005EF786 /* OpenSans-Italic.ttf in Resources */ = {isa = PBXBuildFile; fileRef = 587F885A252F85CC005EF786 /* OpenSans-Italic.ttf */; };
		587F8872252F85CC005EF786 /* OpenSans-ExtraBold.ttf in Resources */ = {isa = PBXBuildFile; fileRef = 587F885B252F85CC005EF786 /* OpenSans-ExtraBold.ttf */; };
		587F8873252F85CC005EF786 /* OpenSans-LightItalic.ttf in Resources */ = {isa = PBXBuildFile; fileRef = 587F885C252F85CC005EF786 /* OpenSans-LightItalic.ttf */; };
		587F8874252F85CC005EF786 /* OpenSans-Bold.ttf in Resources */ = {isa = PBXBuildFile; fileRef = 587F885D252F85CC005EF786 /* OpenSans-Bold.ttf */; };
		587F8875252F85CC005EF786 /* OpenSans-SemiBoldItalic.ttf in Resources */ = {isa = PBXBuildFile; fileRef = 587F885E252F85CC005EF786 /* OpenSans-SemiBoldItalic.ttf */; };
		587F8876252F85CC005EF786 /* OpenSans-ExtraBoldItalic.ttf in Resources */ = {isa = PBXBuildFile; fileRef = 587F885F252F85CC005EF786 /* OpenSans-ExtraBoldItalic.ttf */; };
		587F8877252F85CC005EF786 /* OpenSans-Regular.ttf in Resources */ = {isa = PBXBuildFile; fileRef = 587F8860252F85CC005EF786 /* OpenSans-Regular.ttf */; };
		587F8878252F85CC005EF786 /* OpenSans-BoldItalic.ttf in Resources */ = {isa = PBXBuildFile; fileRef = 587F8861252F85CC005EF786 /* OpenSans-BoldItalic.ttf */; };
		587F8879252F85CC005EF786 /* Token.swift in Sources */ = {isa = PBXBuildFile; fileRef = 587F8862252F85CC005EF786 /* Token.swift */; };
		587F887A252F85CC005EF786 /* LoginViewController.swift in Sources */ = {isa = PBXBuildFile; fileRef = 587F8863252F85CC005EF786 /* LoginViewController.swift */; };
		587F887B252F85CC005EF786 /* RootViewController.swift in Sources */ = {isa = PBXBuildFile; fileRef = 587F8864252F85CC005EF786 /* RootViewController.swift */; };
		587F887C252F85CC005EF786 /* ReadonlyFieldCell.swift in Sources */ = {isa = PBXBuildFile; fileRef = 587F8865252F85CC005EF786 /* ReadonlyFieldCell.swift */; };
		58CAD472252F700D00C62E64 /* AppDelegate.swift in Sources */ = {isa = PBXBuildFile; fileRef = 58CAD471252F700D00C62E64 /* AppDelegate.swift */; };
		58CAD47B252F700F00C62E64 /* Assets.xcassets in Resources */ = {isa = PBXBuildFile; fileRef = 58CAD47A252F700F00C62E64 /* Assets.xcassets */; };
		58CAD47E252F700F00C62E64 /* LaunchScreen.storyboard in Resources */ = {isa = PBXBuildFile; fileRef = 58CAD47C252F700F00C62E64 /* LaunchScreen.storyboard */; };
		58F18686252F8D3A003C4962 /* InputFieldCell.swift in Sources */ = {isa = PBXBuildFile; fileRef = 58F18685252F8D3A003C4962 /* InputFieldCell.swift */; };
		58F18688252F8D45003C4962 /* InputFieldItem.swift in Sources */ = {isa = PBXBuildFile; fileRef = 58F18687252F8D45003C4962 /* InputFieldItem.swift */; };
		58F1868A252F8D52003C4962 /* InputField.swift in Sources */ = {isa = PBXBuildFile; fileRef = 58F18689252F8D52003C4962 /* InputField.swift */; };
		58F1868F252F9693003C4962 /* ImageCell.swift in Sources */ = {isa = PBXBuildFile; fileRef = 58F1868E252F9693003C4962 /* ImageCell.swift */; };
		58F18691252F969C003C4962 /* ImageItem.swift in Sources */ = {isa = PBXBuildFile; fileRef = 58F18690252F969C003C4962 /* ImageItem.swift */; };
		58F18693252FC22A003C4962 /* Button.swift in Sources */ = {isa = PBXBuildFile; fileRef = 58F18692252FC22A003C4962 /* Button.swift */; };
		58F18697252FC868003C4962 /* ButtonCell.swift in Sources */ = {isa = PBXBuildFile; fileRef = 58F18696252FC868003C4962 /* ButtonCell.swift */; };
		58F18699252FC86F003C4962 /* ButtonItem.swift in Sources */ = {isa = PBXBuildFile; fileRef = 58F18698252FC86F003C4962 /* ButtonItem.swift */; };
		9FDD21E4253AF9A8008C4165 /* PlainCell.swift in Sources */ = {isa = PBXBuildFile; fileRef = 9FDD21E3253AF9A8008C4165 /* PlainCell.swift */; };
		9FDD21E7253AF9AF008C4165 /* PlainItem.swift in Sources */ = {isa = PBXBuildFile; fileRef = 9FDD21E6253AF9AF008C4165 /* PlainItem.swift */; };
		E15135F925419CC800366024 /* MainPresenter.swift in Sources */ = {isa = PBXBuildFile; fileRef = E15135F125419CC800366024 /* MainPresenter.swift */; };
		E15135FA25419CC800366024 /* MainRouter.swift in Sources */ = {isa = PBXBuildFile; fileRef = E15135F225419CC800366024 /* MainRouter.swift */; };
		E15135FB25419CC800366024 /* MainContracts.swift in Sources */ = {isa = PBXBuildFile; fileRef = E15135F325419CC800366024 /* MainContracts.swift */; };
		E15135FC25419CC800366024 /* MainViewController.swift in Sources */ = {isa = PBXBuildFile; fileRef = E15135F425419CC800366024 /* MainViewController.swift */; };
		E15135FD25419CC800366024 /* MainInteractor.swift in Sources */ = {isa = PBXBuildFile; fileRef = E15135F525419CC800366024 /* MainInteractor.swift */; };
		E15135FE25419CC800366024 /* MainView.swift in Sources */ = {isa = PBXBuildFile; fileRef = E15135F625419CC800366024 /* MainView.swift */; };
		E15135FF25419CC800366024 /* MainModel.swift in Sources */ = {isa = PBXBuildFile; fileRef = E15135F725419CC800366024 /* MainModel.swift */; };
		E151360025419CC800366024 /* MainEntity.swift in Sources */ = {isa = PBXBuildFile; fileRef = E15135F825419CC800366024 /* MainEntity.swift */; };
		E151360525419F4200366024 /* ProductEntity.swift in Sources */ = {isa = PBXBuildFile; fileRef = E151360425419F4200366024 /* ProductEntity.swift */; };
		E151360C2541A3D300366024 /* MainNavigationBarModel.swift in Sources */ = {isa = PBXBuildFile; fileRef = E151360B2541A3D300366024 /* MainNavigationBarModel.swift */; };
		E15136152541DB6300366024 /* FlickrModels.swift in Sources */ = {isa = PBXBuildFile; fileRef = E15136142541DB6300366024 /* FlickrModels.swift */; };
		E151361D2544794C00366024 /* EndpointProtocol.swift in Sources */ = {isa = PBXBuildFile; fileRef = E151361C2544794C00366024 /* EndpointProtocol.swift */; };
		E151362025447A4F00366024 /* HTTPTask.swift in Sources */ = {isa = PBXBuildFile; fileRef = E151361F25447A4F00366024 /* HTTPTask.swift */; };
		E151362325447A5600366024 /* HTTPMethod.swift in Sources */ = {isa = PBXBuildFile; fileRef = E151362225447A5600366024 /* HTTPMethod.swift */; };
		E151362C25447C1E00366024 /* EncoderProtocol.swift in Sources */ = {isa = PBXBuildFile; fileRef = E151362B25447C1E00366024 /* EncoderProtocol.swift */; };
		E1782D362544822E004417BC /* QueryEncoder.swift in Sources */ = {isa = PBXBuildFile; fileRef = E1782D352544822E004417BC /* QueryEncoder.swift */; };
		E1782D3A254486F9004417BC /* BodyEncoder.swift in Sources */ = {isa = PBXBuildFile; fileRef = E1782D39254486F9004417BC /* BodyEncoder.swift */; };
		E1782D3D2544879E004417BC /* NetworkRouterProtocol.swift in Sources */ = {isa = PBXBuildFile; fileRef = E1782D3C2544879E004417BC /* NetworkRouterProtocol.swift */; };
		E1782D4125448848004417BC /* NetworkRouter.swift in Sources */ = {isa = PBXBuildFile; fileRef = E1782D4025448848004417BC /* NetworkRouter.swift */; };
		E1782D4625448CE0004417BC /* FlickrNetworkManager.swift in Sources */ = {isa = PBXBuildFile; fileRef = E1782D4525448CE0004417BC /* FlickrNetworkManager.swift */; };
		E1782D4925448DAA004417BC /* FlickrEndpoint.swift in Sources */ = {isa = PBXBuildFile; fileRef = E1782D4825448DAA004417BC /* FlickrEndpoint.swift */; };
		E1782D512544A08C004417BC /* NetworkManagerProtocol.swift in Sources */ = {isa = PBXBuildFile; fileRef = E1782D502544A08C004417BC /* NetworkManagerProtocol.swift */; };
		E1782D662544A845004417BC /* FlickrNetworkManagerProtocol.swift in Sources */ = {isa = PBXBuildFile; fileRef = E1782D652544A845004417BC /* FlickrNetworkManagerProtocol.swift */; };
		E1782D6A2544AC0F004417BC /* FlickrLiveStaticEndpoint.swift in Sources */ = {isa = PBXBuildFile; fileRef = E1782D692544AC0F004417BC /* FlickrLiveStaticEndpoint.swift */; };
		E1782D6D2544B214004417BC /* FlickrLiveStaticNetworkManager.swift in Sources */ = {isa = PBXBuildFile; fileRef = E1782D6C2544B214004417BC /* FlickrLiveStaticNetworkManager.swift */; };
		E1782D742544B247004417BC /* FlickrLiveStaticNetworkManagerProtocol.swift in Sources */ = {isa = PBXBuildFile; fileRef = E1782D732544B247004417BC /* FlickrLiveStaticNetworkManagerProtocol.swift */; };
		E18C49B32631AFF200D859E8 /* WidgetsViewController.swift in Sources */ = {isa = PBXBuildFile; fileRef = E18C49B22631AFF200D859E8 /* WidgetsViewController.swift */; };
		E18C49B72631B11C00D859E8 /* ChartItem.swift in Sources */ = {isa = PBXBuildFile; fileRef = E18C49B62631B11C00D859E8 /* ChartItem.swift */; };
		E18C49BF2631B1DD00D859E8 /* ChartCell.swift in Sources */ = {isa = PBXBuildFile; fileRef = E18C49BE2631B1DD00D859E8 /* ChartCell.swift */; };
		E18C49C32631B5F800D859E8 /* ChartView.swift in Sources */ = {isa = PBXBuildFile; fileRef = E18C49C22631B5F800D859E8 /* ChartView.swift */; };
/* End PBXBuildFile section */

/* Begin PBXFileReference section */
		586ED187253100E5008C6ADB /* Vibrate.swift */ = {isa = PBXFileReference; lastKnownFileType = sourcecode.swift; path = Vibrate.swift; sourceTree = "<group>"; };
		587F884E252F85CC005EF786 /* Label.swift */ = {isa = PBXFileReference; fileEncoding = 4; lastKnownFileType = sourcecode.swift; path = Label.swift; sourceTree = "<group>"; };
		587F8850252F85CC005EF786 /* FormViewItemProtocol.swift */ = {isa = PBXFileReference; fileEncoding = 4; lastKnownFileType = sourcecode.swift; path = FormViewItemProtocol.swift; sourceTree = "<group>"; };
		587F8851252F85CC005EF786 /* ReadonlyFieldItem.swift */ = {isa = PBXFileReference; fileEncoding = 4; lastKnownFileType = sourcecode.swift; path = ReadonlyFieldItem.swift; sourceTree = "<group>"; };
		587F8852252F85CC005EF786 /* FormViewCellProtocol.swift */ = {isa = PBXFileReference; fileEncoding = 4; lastKnownFileType = sourcecode.swift; path = FormViewCellProtocol.swift; sourceTree = "<group>"; };
		587F8853252F85CC005EF786 /* Typography.swift */ = {isa = PBXFileReference; fileEncoding = 4; lastKnownFileType = sourcecode.swift; path = Typography.swift; sourceTree = "<group>"; };
		587F8854252F85CC005EF786 /* Font.swift */ = {isa = PBXFileReference; fileEncoding = 4; lastKnownFileType = sourcecode.swift; path = Font.swift; sourceTree = "<group>"; };
		587F8855252F85CC005EF786 /* SplashViewController.swift */ = {isa = PBXFileReference; fileEncoding = 4; lastKnownFileType = sourcecode.swift; path = SplashViewController.swift; sourceTree = "<group>"; };
		587F8856252F85CC005EF786 /* FormView.swift */ = {isa = PBXFileReference; fileEncoding = 4; lastKnownFileType = sourcecode.swift; path = FormView.swift; sourceTree = "<group>"; };
		587F8858252F85CC005EF786 /* OpenSans-SemiBold.ttf */ = {isa = PBXFileReference; lastKnownFileType = file; path = "OpenSans-SemiBold.ttf"; sourceTree = "<group>"; };
		587F8859252F85CC005EF786 /* OpenSans-Light.ttf */ = {isa = PBXFileReference; lastKnownFileType = file; path = "OpenSans-Light.ttf"; sourceTree = "<group>"; };
		587F885A252F85CC005EF786 /* OpenSans-Italic.ttf */ = {isa = PBXFileReference; lastKnownFileType = file; path = "OpenSans-Italic.ttf"; sourceTree = "<group>"; };
		587F885B252F85CC005EF786 /* OpenSans-ExtraBold.ttf */ = {isa = PBXFileReference; lastKnownFileType = file; path = "OpenSans-ExtraBold.ttf"; sourceTree = "<group>"; };
		587F885C252F85CC005EF786 /* OpenSans-LightItalic.ttf */ = {isa = PBXFileReference; lastKnownFileType = file; path = "OpenSans-LightItalic.ttf"; sourceTree = "<group>"; };
		587F885D252F85CC005EF786 /* OpenSans-Bold.ttf */ = {isa = PBXFileReference; lastKnownFileType = file; path = "OpenSans-Bold.ttf"; sourceTree = "<group>"; };
		587F885E252F85CC005EF786 /* OpenSans-SemiBoldItalic.ttf */ = {isa = PBXFileReference; lastKnownFileType = file; path = "OpenSans-SemiBoldItalic.ttf"; sourceTree = "<group>"; };
		587F885F252F85CC005EF786 /* OpenSans-ExtraBoldItalic.ttf */ = {isa = PBXFileReference; lastKnownFileType = file; path = "OpenSans-ExtraBoldItalic.ttf"; sourceTree = "<group>"; };
		587F8860252F85CC005EF786 /* OpenSans-Regular.ttf */ = {isa = PBXFileReference; lastKnownFileType = file; path = "OpenSans-Regular.ttf"; sourceTree = "<group>"; };
		587F8861252F85CC005EF786 /* OpenSans-BoldItalic.ttf */ = {isa = PBXFileReference; lastKnownFileType = file; path = "OpenSans-BoldItalic.ttf"; sourceTree = "<group>"; };
		587F8862252F85CC005EF786 /* Token.swift */ = {isa = PBXFileReference; fileEncoding = 4; lastKnownFileType = sourcecode.swift; path = Token.swift; sourceTree = "<group>"; };
		587F8863252F85CC005EF786 /* LoginViewController.swift */ = {isa = PBXFileReference; fileEncoding = 4; lastKnownFileType = sourcecode.swift; path = LoginViewController.swift; sourceTree = "<group>"; };
		587F8864252F85CC005EF786 /* RootViewController.swift */ = {isa = PBXFileReference; fileEncoding = 4; lastKnownFileType = sourcecode.swift; path = RootViewController.swift; sourceTree = "<group>"; };
		587F8865252F85CC005EF786 /* ReadonlyFieldCell.swift */ = {isa = PBXFileReference; fileEncoding = 4; lastKnownFileType = sourcecode.swift; path = ReadonlyFieldCell.swift; sourceTree = "<group>"; };
		58CAD46E252F700D00C62E64 /* WidgetsApp.app */ = {isa = PBXFileReference; explicitFileType = wrapper.application; includeInIndex = 0; path = WidgetsApp.app; sourceTree = BUILT_PRODUCTS_DIR; };
		58CAD471252F700D00C62E64 /* AppDelegate.swift */ = {isa = PBXFileReference; lastKnownFileType = sourcecode.swift; path = AppDelegate.swift; sourceTree = "<group>"; };
		58CAD47A252F700F00C62E64 /* Assets.xcassets */ = {isa = PBXFileReference; lastKnownFileType = folder.assetcatalog; path = Assets.xcassets; sourceTree = "<group>"; };
		58CAD47D252F700F00C62E64 /* Base */ = {isa = PBXFileReference; lastKnownFileType = file.storyboard; name = Base; path = Base.lproj/LaunchScreen.storyboard; sourceTree = "<group>"; };
		58CAD47F252F700F00C62E64 /* Info.plist */ = {isa = PBXFileReference; lastKnownFileType = text.plist.xml; path = Info.plist; sourceTree = "<group>"; };
		58F18685252F8D3A003C4962 /* InputFieldCell.swift */ = {isa = PBXFileReference; lastKnownFileType = sourcecode.swift; path = InputFieldCell.swift; sourceTree = "<group>"; };
		58F18687252F8D45003C4962 /* InputFieldItem.swift */ = {isa = PBXFileReference; lastKnownFileType = sourcecode.swift; path = InputFieldItem.swift; sourceTree = "<group>"; };
		58F18689252F8D52003C4962 /* InputField.swift */ = {isa = PBXFileReference; lastKnownFileType = sourcecode.swift; path = InputField.swift; sourceTree = "<group>"; };
		58F1868E252F9693003C4962 /* ImageCell.swift */ = {isa = PBXFileReference; lastKnownFileType = sourcecode.swift; path = ImageCell.swift; sourceTree = "<group>"; };
		58F18690252F969C003C4962 /* ImageItem.swift */ = {isa = PBXFileReference; lastKnownFileType = sourcecode.swift; path = ImageItem.swift; sourceTree = "<group>"; };
		58F18692252FC22A003C4962 /* Button.swift */ = {isa = PBXFileReference; lastKnownFileType = sourcecode.swift; path = Button.swift; sourceTree = "<group>"; };
		58F18696252FC868003C4962 /* ButtonCell.swift */ = {isa = PBXFileReference; lastKnownFileType = sourcecode.swift; path = ButtonCell.swift; sourceTree = "<group>"; };
		58F18698252FC86F003C4962 /* ButtonItem.swift */ = {isa = PBXFileReference; lastKnownFileType = sourcecode.swift; path = ButtonItem.swift; sourceTree = "<group>"; };
		9FDD21E3253AF9A8008C4165 /* PlainCell.swift */ = {isa = PBXFileReference; lastKnownFileType = sourcecode.swift; path = PlainCell.swift; sourceTree = "<group>"; };
		9FDD21E6253AF9AF008C4165 /* PlainItem.swift */ = {isa = PBXFileReference; lastKnownFileType = sourcecode.swift; path = PlainItem.swift; sourceTree = "<group>"; };
		E15135F125419CC800366024 /* MainPresenter.swift */ = {isa = PBXFileReference; lastKnownFileType = sourcecode.swift; path = MainPresenter.swift; sourceTree = "<group>"; };
		E15135F225419CC800366024 /* MainRouter.swift */ = {isa = PBXFileReference; lastKnownFileType = sourcecode.swift; path = MainRouter.swift; sourceTree = "<group>"; };
		E15135F325419CC800366024 /* MainContracts.swift */ = {isa = PBXFileReference; lastKnownFileType = sourcecode.swift; path = MainContracts.swift; sourceTree = "<group>"; };
		E15135F425419CC800366024 /* MainViewController.swift */ = {isa = PBXFileReference; lastKnownFileType = sourcecode.swift; path = MainViewController.swift; sourceTree = "<group>"; };
		E15135F525419CC800366024 /* MainInteractor.swift */ = {isa = PBXFileReference; lastKnownFileType = sourcecode.swift; path = MainInteractor.swift; sourceTree = "<group>"; };
		E15135F625419CC800366024 /* MainView.swift */ = {isa = PBXFileReference; lastKnownFileType = sourcecode.swift; path = MainView.swift; sourceTree = "<group>"; };
		E15135F725419CC800366024 /* MainModel.swift */ = {isa = PBXFileReference; lastKnownFileType = sourcecode.swift; path = MainModel.swift; sourceTree = "<group>"; };
		E15135F825419CC800366024 /* MainEntity.swift */ = {isa = PBXFileReference; lastKnownFileType = sourcecode.swift; path = MainEntity.swift; sourceTree = "<group>"; };
		E151360425419F4200366024 /* ProductEntity.swift */ = {isa = PBXFileReference; lastKnownFileType = sourcecode.swift; path = ProductEntity.swift; sourceTree = "<group>"; };
		E151360B2541A3D300366024 /* MainNavigationBarModel.swift */ = {isa = PBXFileReference; lastKnownFileType = sourcecode.swift; path = MainNavigationBarModel.swift; sourceTree = "<group>"; };
		E15136142541DB6300366024 /* FlickrModels.swift */ = {isa = PBXFileReference; lastKnownFileType = sourcecode.swift; name = FlickrModels.swift; path = ../Module/FlickrModels.swift; sourceTree = "<group>"; };
		E151361C2544794C00366024 /* EndpointProtocol.swift */ = {isa = PBXFileReference; lastKnownFileType = sourcecode.swift; path = EndpointProtocol.swift; sourceTree = "<group>"; };
		E151361F25447A4F00366024 /* HTTPTask.swift */ = {isa = PBXFileReference; lastKnownFileType = sourcecode.swift; path = HTTPTask.swift; sourceTree = "<group>"; };
		E151362225447A5600366024 /* HTTPMethod.swift */ = {isa = PBXFileReference; lastKnownFileType = sourcecode.swift; path = HTTPMethod.swift; sourceTree = "<group>"; };
		E151362B25447C1E00366024 /* EncoderProtocol.swift */ = {isa = PBXFileReference; lastKnownFileType = sourcecode.swift; path = EncoderProtocol.swift; sourceTree = "<group>"; };
		E1782D352544822E004417BC /* QueryEncoder.swift */ = {isa = PBXFileReference; lastKnownFileType = sourcecode.swift; path = QueryEncoder.swift; sourceTree = "<group>"; };
		E1782D39254486F9004417BC /* BodyEncoder.swift */ = {isa = PBXFileReference; lastKnownFileType = sourcecode.swift; path = BodyEncoder.swift; sourceTree = "<group>"; };
		E1782D3C2544879E004417BC /* NetworkRouterProtocol.swift */ = {isa = PBXFileReference; lastKnownFileType = sourcecode.swift; path = NetworkRouterProtocol.swift; sourceTree = "<group>"; };
		E1782D4025448848004417BC /* NetworkRouter.swift */ = {isa = PBXFileReference; lastKnownFileType = sourcecode.swift; path = NetworkRouter.swift; sourceTree = "<group>"; };
		E1782D4525448CE0004417BC /* FlickrNetworkManager.swift */ = {isa = PBXFileReference; lastKnownFileType = sourcecode.swift; path = FlickrNetworkManager.swift; sourceTree = "<group>"; };
		E1782D4825448DAA004417BC /* FlickrEndpoint.swift */ = {isa = PBXFileReference; lastKnownFileType = sourcecode.swift; path = FlickrEndpoint.swift; sourceTree = "<group>"; };
		E1782D502544A08C004417BC /* NetworkManagerProtocol.swift */ = {isa = PBXFileReference; lastKnownFileType = sourcecode.swift; path = NetworkManagerProtocol.swift; sourceTree = "<group>"; };
		E1782D652544A845004417BC /* FlickrNetworkManagerProtocol.swift */ = {isa = PBXFileReference; lastKnownFileType = sourcecode.swift; path = FlickrNetworkManagerProtocol.swift; sourceTree = "<group>"; };
		E1782D692544AC0F004417BC /* FlickrLiveStaticEndpoint.swift */ = {isa = PBXFileReference; lastKnownFileType = sourcecode.swift; path = FlickrLiveStaticEndpoint.swift; sourceTree = "<group>"; };
		E1782D6C2544B214004417BC /* FlickrLiveStaticNetworkManager.swift */ = {isa = PBXFileReference; lastKnownFileType = sourcecode.swift; path = FlickrLiveStaticNetworkManager.swift; sourceTree = "<group>"; };
		E1782D732544B247004417BC /* FlickrLiveStaticNetworkManagerProtocol.swift */ = {isa = PBXFileReference; lastKnownFileType = sourcecode.swift; path = FlickrLiveStaticNetworkManagerProtocol.swift; sourceTree = "<group>"; };
		E18C49B22631AFF200D859E8 /* WidgetsViewController.swift */ = {isa = PBXFileReference; lastKnownFileType = sourcecode.swift; path = WidgetsViewController.swift; sourceTree = "<group>"; };
		E18C49B62631B11C00D859E8 /* ChartItem.swift */ = {isa = PBXFileReference; lastKnownFileType = sourcecode.swift; path = ChartItem.swift; sourceTree = "<group>"; };
		E18C49BE2631B1DD00D859E8 /* ChartCell.swift */ = {isa = PBXFileReference; lastKnownFileType = sourcecode.swift; path = ChartCell.swift; sourceTree = "<group>"; };
		E18C49C22631B5F800D859E8 /* ChartView.swift */ = {isa = PBXFileReference; lastKnownFileType = sourcecode.swift; path = ChartView.swift; sourceTree = "<group>"; };
/* End PBXFileReference section */

/* Begin PBXFrameworksBuildPhase section */
		58CAD46B252F700D00C62E64 /* Frameworks */ = {
			isa = PBXFrameworksBuildPhase;
			buildActionMask = 2147483647;
			files = (
			);
			runOnlyForDeploymentPostprocessing = 0;
		};
/* End PBXFrameworksBuildPhase section */

/* Begin PBXGroup section */
		586ED186253100DD008C6ADB /* Vibrate */ = {
			isa = PBXGroup;
			children = (
				586ED187253100E5008C6ADB /* Vibrate.swift */,
			);
			name = Vibrate;
			sourceTree = "<group>";
		};
		587F8857252F85CC005EF786 /* Fonts */ = {
			isa = PBXGroup;
			children = (
				587F8858252F85CC005EF786 /* OpenSans-SemiBold.ttf */,
				587F8859252F85CC005EF786 /* OpenSans-Light.ttf */,
				587F885A252F85CC005EF786 /* OpenSans-Italic.ttf */,
				587F885B252F85CC005EF786 /* OpenSans-ExtraBold.ttf */,
				587F885C252F85CC005EF786 /* OpenSans-LightItalic.ttf */,
				587F885D252F85CC005EF786 /* OpenSans-Bold.ttf */,
				587F885E252F85CC005EF786 /* OpenSans-SemiBoldItalic.ttf */,
				587F885F252F85CC005EF786 /* OpenSans-ExtraBoldItalic.ttf */,
				587F8860252F85CC005EF786 /* OpenSans-Regular.ttf */,
				587F8861252F85CC005EF786 /* OpenSans-BoldItalic.ttf */,
			);
			path = Fonts;
			sourceTree = "<group>";
		};
		587F887D252F85E3005EF786 /* DesignSystem */ = {
			isa = PBXGroup;
			children = (
				586ED186253100DD008C6ADB /* Vibrate */,
				587F8886252F86B9005EF786 /* Font */,
				587F8885252F867D005EF786 /* Typography */,
				587F8884252F8679005EF786 /* Token */,
				587F8883252F8672005EF786 /* Atoms */,
				587F8882252F866B005EF786 /* Molecules */,
				587F8880252F8634005EF786 /* Organisms */,
			);
			path = DesignSystem;
			sourceTree = "<group>";
		};
		587F887E252F85F8005EF786 /* Module */ = {
			isa = PBXGroup;
			children = (
				E18C49B12631AFDB00D859E8 /* DS */,
				E13ABAE92540DB270075797E /* Main */,
				587F8863252F85CC005EF786 /* LoginViewController.swift */,
				587F8864252F85CC005EF786 /* RootViewController.swift */,
				587F8855252F85CC005EF786 /* SplashViewController.swift */,
			);
			path = Module;
			sourceTree = "<group>";
		};
		587F8880252F8634005EF786 /* Organisms */ = {
			isa = PBXGroup;
			children = (
				587F8856252F85CC005EF786 /* FormView.swift */,
			);
			name = Organisms;
			sourceTree = "<group>";
		};
		587F8882252F866B005EF786 /* Molecules */ = {
			isa = PBXGroup;
			children = (
				E18C49B52631B10800D859E8 /* Chart */,
				9FDD21E2253AF97F008C4165 /* Plain */,
				58F18695252FC85E003C4962 /* Button */,
				58F1868D252F9682003C4962 /* Image */,
				58F18684252F8D1F003C4962 /* InputField */,
				587F8887252F86D1005EF786 /* ReadonlyField */,
				587F8852252F85CC005EF786 /* FormViewCellProtocol.swift */,
				587F8850252F85CC005EF786 /* FormViewItemProtocol.swift */,
			);
			name = Molecules;
			sourceTree = "<group>";
		};
		587F8883252F8672005EF786 /* Atoms */ = {
			isa = PBXGroup;
			children = (
				587F884E252F85CC005EF786 /* Label.swift */,
				58F18689252F8D52003C4962 /* InputField.swift */,
				58F18692252FC22A003C4962 /* Button.swift */,
			);
			name = Atoms;
			sourceTree = "<group>";
		};
		587F8884252F8679005EF786 /* Token */ = {
			isa = PBXGroup;
			children = (
				587F8862252F85CC005EF786 /* Token.swift */,
			);
			name = Token;
			sourceTree = "<group>";
		};
		587F8885252F867D005EF786 /* Typography */ = {
			isa = PBXGroup;
			children = (
				587F8853252F85CC005EF786 /* Typography.swift */,
			);
			name = Typography;
			sourceTree = "<group>";
		};
		587F8886252F86B9005EF786 /* Font */ = {
			isa = PBXGroup;
			children = (
				587F8857252F85CC005EF786 /* Fonts */,
				587F8854252F85CC005EF786 /* Font.swift */,
			);
			name = Font;
			sourceTree = "<group>";
		};
		587F8887252F86D1005EF786 /* ReadonlyField */ = {
			isa = PBXGroup;
			children = (
				587F8865252F85CC005EF786 /* ReadonlyFieldCell.swift */,
				587F8851252F85CC005EF786 /* ReadonlyFieldItem.swift */,
			);
			name = ReadonlyField;
			sourceTree = "<group>";
		};
		58CAD465252F700D00C62E64 = {
			isa = PBXGroup;
			children = (
				58CAD470252F700D00C62E64 /* WidgetsApp */,
				58CAD46F252F700D00C62E64 /* Products */,
			);
			sourceTree = "<group>";
		};
		58CAD46F252F700D00C62E64 /* Products */ = {
			isa = PBXGroup;
			children = (
				58CAD46E252F700D00C62E64 /* WidgetsApp.app */,
			);
			name = Products;
			sourceTree = "<group>";
		};
		58CAD470252F700D00C62E64 /* WidgetsApp */ = {
			isa = PBXGroup;
			children = (
				E151361A254470AC00366024 /* Network */,
				587F887E252F85F8005EF786 /* Module */,
				587F887D252F85E3005EF786 /* DesignSystem */,
				58CAD471252F700D00C62E64 /* AppDelegate.swift */,
				58CAD47A252F700F00C62E64 /* Assets.xcassets */,
				58CAD47C252F700F00C62E64 /* LaunchScreen.storyboard */,
				58CAD47F252F700F00C62E64 /* Info.plist */,
			);
			path = WidgetsApp;
			sourceTree = "<group>";
		};
		58F18684252F8D1F003C4962 /* InputField */ = {
			isa = PBXGroup;
			children = (
				58F18685252F8D3A003C4962 /* InputFieldCell.swift */,
				58F18687252F8D45003C4962 /* InputFieldItem.swift */,
			);
			name = InputField;
			sourceTree = "<group>";
		};
		58F1868D252F9682003C4962 /* Image */ = {
			isa = PBXGroup;
			children = (
				58F1868E252F9693003C4962 /* ImageCell.swift */,
				58F18690252F969C003C4962 /* ImageItem.swift */,
			);
			name = Image;
			sourceTree = "<group>";
		};
		58F18695252FC85E003C4962 /* Button */ = {
			isa = PBXGroup;
			children = (
				58F18696252FC868003C4962 /* ButtonCell.swift */,
				58F18698252FC86F003C4962 /* ButtonItem.swift */,
			);
			name = Button;
			sourceTree = "<group>";
		};
		9FDD21E2253AF97F008C4165 /* Plain */ = {
			isa = PBXGroup;
			children = (
				9FDD21E3253AF9A8008C4165 /* PlainCell.swift */,
				9FDD21E6253AF9AF008C4165 /* PlainItem.swift */,
			);
			name = Plain;
			sourceTree = "<group>";
		};
		E13ABAE92540DB270075797E /* Main */ = {
			isa = PBXGroup;
			children = (
				E1782D5B2544A424004417BC /* Serivce */,
				E151360A2541A2EC00366024 /* Views */,
				E15136092541A2D400366024 /* Protocols */,
				E15136082541A2A700366024 /* Models */,
				E15136072541A29300366024 /* Entities */,
				E15135F425419CC800366024 /* MainViewController.swift */,
				E15135F525419CC800366024 /* MainInteractor.swift */,
				E15135F125419CC800366024 /* MainPresenter.swift */,
				E15135F825419CC800366024 /* MainEntity.swift */,
				E15135F225419CC800366024 /* MainRouter.swift */,
			);
			name = Main;
			sourceTree = "<group>";
		};
		E15136072541A29300366024 /* Entities */ = {
			isa = PBXGroup;
			children = (
				E151360425419F4200366024 /* ProductEntity.swift */,
			);
			name = Entities;
			sourceTree = "<group>";
		};
		E15136082541A2A700366024 /* Models */ = {
			isa = PBXGroup;
			children = (
				E15135F725419CC800366024 /* MainModel.swift */,
				E151360B2541A3D300366024 /* MainNavigationBarModel.swift */,
			);
			name = Models;
			sourceTree = "<group>";
		};
		E15136092541A2D400366024 /* Protocols */ = {
			isa = PBXGroup;
			children = (
				E15135F325419CC800366024 /* MainContracts.swift */,
			);
			name = Protocols;
			sourceTree = "<group>";
		};
		E151360A2541A2EC00366024 /* Views */ = {
			isa = PBXGroup;
			children = (
				E15135F625419CC800366024 /* MainView.swift */,
			);
			name = Views;
			sourceTree = "<group>";
		};
		E151361A254470AC00366024 /* Network */ = {
			isa = PBXGroup;
			children = (
				E1782D4425448CD3004417BC /* Manager */,
				E1782D3225448206004417BC /* Endpoint */,
				E1782D31254481FB004417BC /* Service */,
				E1782D2F254481E6004417BC /* Encoder */,
			);
			path = Network;
			sourceTree = "<group>";
		};
		E1782D2F254481E6004417BC /* Encoder */ = {
			isa = PBXGroup;
			children = (
				E151362B25447C1E00366024 /* EncoderProtocol.swift */,
				E1782D352544822E004417BC /* QueryEncoder.swift */,
				E1782D39254486F9004417BC /* BodyEncoder.swift */,
			);
			name = Encoder;
			sourceTree = "<group>";
		};
		E1782D31254481FB004417BC /* Service */ = {
			isa = PBXGroup;
			children = (
				E1782D3C2544879E004417BC /* NetworkRouterProtocol.swift */,
				E1782D4025448848004417BC /* NetworkRouter.swift */,
			);
			name = Service;
			sourceTree = "<group>";
		};
		E1782D3225448206004417BC /* Endpoint */ = {
			isa = PBXGroup;
			children = (
				E151361C2544794C00366024 /* EndpointProtocol.swift */,
				E151362225447A5600366024 /* HTTPMethod.swift */,
				E151361F25447A4F00366024 /* HTTPTask.swift */,
			);
			name = Endpoint;
			sourceTree = "<group>";
		};
		E1782D4425448CD3004417BC /* Manager */ = {
			isa = PBXGroup;
			children = (
				E1782D502544A08C004417BC /* NetworkManagerProtocol.swift */,
			);
			name = Manager;
			sourceTree = "<group>";
		};
		E1782D542544A2DC004417BC /* Endpoints */ = {
			isa = PBXGroup;
			children = (
				E1782D4825448DAA004417BC /* FlickrEndpoint.swift */,
				E1782D692544AC0F004417BC /* FlickrLiveStaticEndpoint.swift */,
			);
			name = Endpoints;
			path = ../Network;
			sourceTree = "<group>";
		};
		E1782D552544A2EA004417BC /* Managers */ = {
			isa = PBXGroup;
			children = (
				E1782D7C2544B2DA004417BC /* Flickr */,
				E1782D792544B2C7004417BC /* FlickrLiveStatic */,
			);
			name = Managers;
			path = ../Network;
			sourceTree = "<group>";
		};
		E1782D572544A352004417BC /* Models */ = {
			isa = PBXGroup;
			children = (
				E15136142541DB6300366024 /* FlickrModels.swift */,
			);
			name = Models;
			path = ../Network;
			sourceTree = "<group>";
		};
		E1782D5B2544A424004417BC /* Serivce */ = {
			isa = PBXGroup;
			children = (
				E1782D572544A352004417BC /* Models */,
				E1782D542544A2DC004417BC /* Endpoints */,
				E1782D552544A2EA004417BC /* Managers */,
			);
			name = Serivce;
			sourceTree = "<group>";
		};
		E1782D792544B2C7004417BC /* FlickrLiveStatic */ = {
			isa = PBXGroup;
			children = (
				E1782D732544B247004417BC /* FlickrLiveStaticNetworkManagerProtocol.swift */,
				E1782D6C2544B214004417BC /* FlickrLiveStaticNetworkManager.swift */,
			);
			name = FlickrLiveStatic;
			sourceTree = "<group>";
		};
		E1782D7C2544B2DA004417BC /* Flickr */ = {
			isa = PBXGroup;
			children = (
				E1782D652544A845004417BC /* FlickrNetworkManagerProtocol.swift */,
				E1782D4525448CE0004417BC /* FlickrNetworkManager.swift */,
			);
			name = Flickr;
			sourceTree = "<group>";
		};
		E18C49B12631AFDB00D859E8 /* DS */ = {
			isa = PBXGroup;
			children = (
				E18C49B22631AFF200D859E8 /* WidgetsViewController.swift */,
			);
			name = DS;
			sourceTree = "<group>";
		};
		E18C49B52631B10800D859E8 /* Chart */ = {
			isa = PBXGroup;
			children = (
				E18C49C12631B5E900D859E8 /* SubViews */,
				E18C49B62631B11C00D859E8 /* ChartItem.swift */,
				E18C49BE2631B1DD00D859E8 /* ChartCell.swift */,
			);
			name = Chart;
			sourceTree = "<group>";
		};
		E18C49C12631B5E900D859E8 /* SubViews */ = {
			isa = PBXGroup;
			children = (
				E18C49C22631B5F800D859E8 /* ChartView.swift */,
			);
			name = SubViews;
			sourceTree = "<group>";
		};
/* End PBXGroup section */

/* Begin PBXNativeTarget section */
		58CAD46D252F700D00C62E64 /* WidgetsApp */ = {
			isa = PBXNativeTarget;
			buildConfigurationList = 58CAD482252F700F00C62E64 /* Build configuration list for PBXNativeTarget "WidgetsApp" */;
			buildPhases = (
				58CAD46A252F700D00C62E64 /* Sources */,
				58CAD46B252F700D00C62E64 /* Frameworks */,
				58CAD46C252F700D00C62E64 /* Resources */,
				586ED1832530D14F008C6ADB /* SwiftLint */,
			);
			buildRules = (
			);
			dependencies = (
			);
			name = WidgetsApp;
			productName = WidgetsApp;
			productReference = 58CAD46E252F700D00C62E64 /* WidgetsApp.app */;
			productType = "com.apple.product-type.application";
		};
/* End PBXNativeTarget section */

/* Begin PBXProject section */
		58CAD466252F700D00C62E64 /* Project object */ = {
			isa = PBXProject;
			attributes = {
				LastSwiftUpdateCheck = 1160;
				LastUpgradeCheck = 1160;
				ORGANIZATIONNAME = BeornStudio;
				TargetAttributes = {
					58CAD46D252F700D00C62E64 = {
						CreatedOnToolsVersion = 11.6;
					};
				};
			};
			buildConfigurationList = 58CAD469252F700D00C62E64 /* Build configuration list for PBXProject "WidgetsApp" */;
			compatibilityVersion = "Xcode 9.3";
			developmentRegion = en;
			hasScannedForEncodings = 0;
			knownRegions = (
				en,
				Base,
			);
			mainGroup = 58CAD465252F700D00C62E64;
			productRefGroup = 58CAD46F252F700D00C62E64 /* Products */;
			projectDirPath = "";
			projectRoot = "";
			targets = (
				58CAD46D252F700D00C62E64 /* WidgetsApp */,
			);
		};
/* End PBXProject section */

/* Begin PBXResourcesBuildPhase section */
		58CAD46C252F700D00C62E64 /* Resources */ = {
			isa = PBXResourcesBuildPhase;
			buildActionMask = 2147483647;
			files = (
				587F8875252F85CC005EF786 /* OpenSans-SemiBoldItalic.ttf in Resources */,
				587F8877252F85CC005EF786 /* OpenSans-Regular.ttf in Resources */,
				58CAD47E252F700F00C62E64 /* LaunchScreen.storyboard in Resources */,
				587F886F252F85CC005EF786 /* OpenSans-SemiBold.ttf in Resources */,
				587F8874252F85CC005EF786 /* OpenSans-Bold.ttf in Resources */,
				587F8873252F85CC005EF786 /* OpenSans-LightItalic.ttf in Resources */,
				587F8878252F85CC005EF786 /* OpenSans-BoldItalic.ttf in Resources */,
				587F8870252F85CC005EF786 /* OpenSans-Light.ttf in Resources */,
				587F8871252F85CC005EF786 /* OpenSans-Italic.ttf in Resources */,
				587F8876252F85CC005EF786 /* OpenSans-ExtraBoldItalic.ttf in Resources */,
				58CAD47B252F700F00C62E64 /* Assets.xcassets in Resources */,
				587F8872252F85CC005EF786 /* OpenSans-ExtraBold.ttf in Resources */,
			);
			runOnlyForDeploymentPostprocessing = 0;
		};
/* End PBXResourcesBuildPhase section */

/* Begin PBXShellScriptBuildPhase section */
		586ED1832530D14F008C6ADB /* SwiftLint */ = {
			isa = PBXShellScriptBuildPhase;
			buildActionMask = 2147483647;
			files = (
			);
			inputFileListPaths = (
			);
			inputPaths = (
			);
			name = SwiftLint;
			outputFileListPaths = (
			);
			outputPaths = (
			);
			runOnlyForDeploymentPostprocessing = 0;
			shellPath = /bin/sh;
			shellScript = "if which swiftlint >/dev/null; then\n  swiftlint\nelse\n  echo \"error: SwiftLint does not exist, download it from https://github.com/realm/SwiftLint\"\n  exit 1\nfi\n";
		};
/* End PBXShellScriptBuildPhase section */

/* Begin PBXSourcesBuildPhase section */
		58CAD46A252F700D00C62E64 /* Sources */ = {
			isa = PBXSourcesBuildPhase;
			buildActionMask = 2147483647;
			files = (
				E1782D4625448CE0004417BC /* FlickrNetworkManager.swift in Sources */,
				E1782D4125448848004417BC /* NetworkRouter.swift in Sources */,
				E151361D2544794C00366024 /* EndpointProtocol.swift in Sources */,
				E1782D3D2544879E004417BC /* NetworkRouterProtocol.swift in Sources */,
				58F18686252F8D3A003C4962 /* InputFieldCell.swift in Sources */,
				587F887C252F85CC005EF786 /* ReadonlyFieldCell.swift in Sources */,
				58F18688252F8D45003C4962 /* InputFieldItem.swift in Sources */,
				58CAD472252F700D00C62E64 /* AppDelegate.swift in Sources */,
				586ED188253100E5008C6ADB /* Vibrate.swift in Sources */,
				E15135FA25419CC800366024 /* MainRouter.swift in Sources */,
				E151360525419F4200366024 /* ProductEntity.swift in Sources */,
				E1782D662544A845004417BC /* FlickrNetworkManagerProtocol.swift in Sources */,
				E18C49B32631AFF200D859E8 /* WidgetsViewController.swift in Sources */,
				587F886B252F85CC005EF786 /* Typography.swift in Sources */,
				E1782D4925448DAA004417BC /* FlickrEndpoint.swift in Sources */,
				E15135FC25419CC800366024 /* MainViewController.swift in Sources */,
				587F8879252F85CC005EF786 /* Token.swift in Sources */,
				9FDD21E7253AF9AF008C4165 /* PlainItem.swift in Sources */,
				587F8866252F85CC005EF786 /* Label.swift in Sources */,
				587F8869252F85CC005EF786 /* ReadonlyFieldItem.swift in Sources */,
				587F886C252F85CC005EF786 /* Font.swift in Sources */,
				E151360025419CC800366024 /* MainEntity.swift in Sources */,
				E1782D742544B247004417BC /* FlickrLiveStaticNetworkManagerProtocol.swift in Sources */,
				E18C49C32631B5F800D859E8 /* ChartView.swift in Sources */,
				E15136152541DB6300366024 /* FlickrModels.swift in Sources */,
				E15135FE25419CC800366024 /* MainView.swift in Sources */,
				E151362025447A4F00366024 /* HTTPTask.swift in Sources */,
				E151360C2541A3D300366024 /* MainNavigationBarModel.swift in Sources */,
				E1782D362544822E004417BC /* QueryEncoder.swift in Sources */,
				58F18691252F969C003C4962 /* ImageItem.swift in Sources */,
				587F886A252F85CC005EF786 /* FormViewCellProtocol.swift in Sources */,
				58F1868F252F9693003C4962 /* ImageCell.swift in Sources */,
				E1782D3A254486F9004417BC /* BodyEncoder.swift in Sources */,
				E18C49BF2631B1DD00D859E8 /* ChartCell.swift in Sources */,
				E15135FF25419CC800366024 /* MainModel.swift in Sources */,
				9FDD21E4253AF9A8008C4165 /* PlainCell.swift in Sources */,
				E15135F925419CC800366024 /* MainPresenter.swift in Sources */,
				E151362325447A5600366024 /* HTTPMethod.swift in Sources */,
				E15135FD25419CC800366024 /* MainInteractor.swift in Sources */,
				58F1868A252F8D52003C4962 /* InputField.swift in Sources */,
				E15135FB25419CC800366024 /* MainContracts.swift in Sources */,
				587F8868252F85CC005EF786 /* FormViewItemProtocol.swift in Sources */,
				587F887B252F85CC005EF786 /* RootViewController.swift in Sources */,
				587F886D252F85CC005EF786 /* SplashViewController.swift in Sources */,
				58F18693252FC22A003C4962 /* Button.swift in Sources */,
				E18C49B72631B11C00D859E8 /* ChartItem.swift in Sources */,
				E1782D6D2544B214004417BC /* FlickrLiveStaticNetworkManager.swift in Sources */,
				587F887A252F85CC005EF786 /* LoginViewController.swift in Sources */,
				E1782D6A2544AC0F004417BC /* FlickrLiveStaticEndpoint.swift in Sources */,
				587F886E252F85CC005EF786 /* FormView.swift in Sources */,
				58F18699252FC86F003C4962 /* ButtonItem.swift in Sources */,
				58F18697252FC868003C4962 /* ButtonCell.swift in Sources */,
				E1782D512544A08C004417BC /* NetworkManagerProtocol.swift in Sources */,
				E151362C25447C1E00366024 /* EncoderProtocol.swift in Sources */,
			);
			runOnlyForDeploymentPostprocessing = 0;
		};
/* End PBXSourcesBuildPhase section */

/* Begin PBXVariantGroup section */
		58CAD47C252F700F00C62E64 /* LaunchScreen.storyboard */ = {
			isa = PBXVariantGroup;
			children = (
				58CAD47D252F700F00C62E64 /* Base */,
			);
			name = LaunchScreen.storyboard;
			sourceTree = "<group>";
		};
/* End PBXVariantGroup section */

/* Begin XCBuildConfiguration section */
		58CAD480252F700F00C62E64 /* Debug */ = {
			isa = XCBuildConfiguration;
			buildSettings = {
				ALWAYS_SEARCH_USER_PATHS = NO;
				CLANG_ANALYZER_NONNULL = YES;
				CLANG_ANALYZER_NUMBER_OBJECT_CONVERSION = YES_AGGRESSIVE;
				CLANG_CXX_LANGUAGE_STANDARD = "gnu++14";
				CLANG_CXX_LIBRARY = "libc++";
				CLANG_ENABLE_MODULES = YES;
				CLANG_ENABLE_OBJC_ARC = YES;
				CLANG_ENABLE_OBJC_WEAK = YES;
				CLANG_WARN_BLOCK_CAPTURE_AUTORELEASING = YES;
				CLANG_WARN_BOOL_CONVERSION = YES;
				CLANG_WARN_COMMA = YES;
				CLANG_WARN_CONSTANT_CONVERSION = YES;
				CLANG_WARN_DEPRECATED_OBJC_IMPLEMENTATIONS = YES;
				CLANG_WARN_DIRECT_OBJC_ISA_USAGE = YES_ERROR;
				CLANG_WARN_DOCUMENTATION_COMMENTS = YES;
				CLANG_WARN_EMPTY_BODY = YES;
				CLANG_WARN_ENUM_CONVERSION = YES;
				CLANG_WARN_INFINITE_RECURSION = YES;
				CLANG_WARN_INT_CONVERSION = YES;
				CLANG_WARN_NON_LITERAL_NULL_CONVERSION = YES;
				CLANG_WARN_OBJC_IMPLICIT_RETAIN_SELF = YES;
				CLANG_WARN_OBJC_LITERAL_CONVERSION = YES;
				CLANG_WARN_OBJC_ROOT_CLASS = YES_ERROR;
				CLANG_WARN_QUOTED_INCLUDE_IN_FRAMEWORK_HEADER = YES;
				CLANG_WARN_RANGE_LOOP_ANALYSIS = YES;
				CLANG_WARN_STRICT_PROTOTYPES = YES;
				CLANG_WARN_SUSPICIOUS_MOVE = YES;
				CLANG_WARN_UNGUARDED_AVAILABILITY = YES_AGGRESSIVE;
				CLANG_WARN_UNREACHABLE_CODE = YES;
				CLANG_WARN__DUPLICATE_METHOD_MATCH = YES;
				COPY_PHASE_STRIP = NO;
				DEBUG_INFORMATION_FORMAT = dwarf;
				ENABLE_STRICT_OBJC_MSGSEND = YES;
				ENABLE_TESTABILITY = YES;
				GCC_C_LANGUAGE_STANDARD = gnu11;
				GCC_DYNAMIC_NO_PIC = NO;
				GCC_NO_COMMON_BLOCKS = YES;
				GCC_OPTIMIZATION_LEVEL = 0;
				GCC_PREPROCESSOR_DEFINITIONS = (
					"DEBUG=1",
					"$(inherited)",
				);
				GCC_WARN_64_TO_32_BIT_CONVERSION = YES;
				GCC_WARN_ABOUT_RETURN_TYPE = YES_ERROR;
				GCC_WARN_UNDECLARED_SELECTOR = YES;
				GCC_WARN_UNINITIALIZED_AUTOS = YES_AGGRESSIVE;
				GCC_WARN_UNUSED_FUNCTION = YES;
				GCC_WARN_UNUSED_VARIABLE = YES;
				IPHONEOS_DEPLOYMENT_TARGET = 13.6;
				MTL_ENABLE_DEBUG_INFO = INCLUDE_SOURCE;
				MTL_FAST_MATH = YES;
				ONLY_ACTIVE_ARCH = YES;
				SDKROOT = iphoneos;
				SWIFT_ACTIVE_COMPILATION_CONDITIONS = DEBUG;
				SWIFT_OPTIMIZATION_LEVEL = "-Onone";
			};
			name = Debug;
		};
		58CAD481252F700F00C62E64 /* Release */ = {
			isa = XCBuildConfiguration;
			buildSettings = {
				ALWAYS_SEARCH_USER_PATHS = NO;
				CLANG_ANALYZER_NONNULL = YES;
				CLANG_ANALYZER_NUMBER_OBJECT_CONVERSION = YES_AGGRESSIVE;
				CLANG_CXX_LANGUAGE_STANDARD = "gnu++14";
				CLANG_CXX_LIBRARY = "libc++";
				CLANG_ENABLE_MODULES = YES;
				CLANG_ENABLE_OBJC_ARC = YES;
				CLANG_ENABLE_OBJC_WEAK = YES;
				CLANG_WARN_BLOCK_CAPTURE_AUTORELEASING = YES;
				CLANG_WARN_BOOL_CONVERSION = YES;
				CLANG_WARN_COMMA = YES;
				CLANG_WARN_CONSTANT_CONVERSION = YES;
				CLANG_WARN_DEPRECATED_OBJC_IMPLEMENTATIONS = YES;
				CLANG_WARN_DIRECT_OBJC_ISA_USAGE = YES_ERROR;
				CLANG_WARN_DOCUMENTATION_COMMENTS = YES;
				CLANG_WARN_EMPTY_BODY = YES;
				CLANG_WARN_ENUM_CONVERSION = YES;
				CLANG_WARN_INFINITE_RECURSION = YES;
				CLANG_WARN_INT_CONVERSION = YES;
				CLANG_WARN_NON_LITERAL_NULL_CONVERSION = YES;
				CLANG_WARN_OBJC_IMPLICIT_RETAIN_SELF = YES;
				CLANG_WARN_OBJC_LITERAL_CONVERSION = YES;
				CLANG_WARN_OBJC_ROOT_CLASS = YES_ERROR;
				CLANG_WARN_QUOTED_INCLUDE_IN_FRAMEWORK_HEADER = YES;
				CLANG_WARN_RANGE_LOOP_ANALYSIS = YES;
				CLANG_WARN_STRICT_PROTOTYPES = YES;
				CLANG_WARN_SUSPICIOUS_MOVE = YES;
				CLANG_WARN_UNGUARDED_AVAILABILITY = YES_AGGRESSIVE;
				CLANG_WARN_UNREACHABLE_CODE = YES;
				CLANG_WARN__DUPLICATE_METHOD_MATCH = YES;
				COPY_PHASE_STRIP = NO;
				DEBUG_INFORMATION_FORMAT = "dwarf-with-dsym";
				ENABLE_NS_ASSERTIONS = NO;
				ENABLE_STRICT_OBJC_MSGSEND = YES;
				GCC_C_LANGUAGE_STANDARD = gnu11;
				GCC_NO_COMMON_BLOCKS = YES;
				GCC_WARN_64_TO_32_BIT_CONVERSION = YES;
				GCC_WARN_ABOUT_RETURN_TYPE = YES_ERROR;
				GCC_WARN_UNDECLARED_SELECTOR = YES;
				GCC_WARN_UNINITIALIZED_AUTOS = YES_AGGRESSIVE;
				GCC_WARN_UNUSED_FUNCTION = YES;
				GCC_WARN_UNUSED_VARIABLE = YES;
				IPHONEOS_DEPLOYMENT_TARGET = 13.6;
				MTL_ENABLE_DEBUG_INFO = NO;
				MTL_FAST_MATH = YES;
				SDKROOT = iphoneos;
				SWIFT_COMPILATION_MODE = wholemodule;
				SWIFT_OPTIMIZATION_LEVEL = "-O";
				VALIDATE_PRODUCT = YES;
			};
			name = Release;
		};
		58CAD483252F700F00C62E64 /* Debug */ = {
			isa = XCBuildConfiguration;
			buildSettings = {
				ASSETCATALOG_COMPILER_APPICON_NAME = AppIcon;
				CODE_SIGN_STYLE = Automatic;
				DEVELOPMENT_TEAM = 9KB8RTMTGP;
				INFOPLIST_FILE = WidgetsApp/Info.plist;
				LD_RUNPATH_SEARCH_PATHS = (
					"$(inherited)",
					"@executable_path/Frameworks",
				);
				PRODUCT_BUNDLE_IDENTIFIER = BS.WidgetsApp;
				PRODUCT_NAME = "$(TARGET_NAME)";
				SWIFT_VERSION = 5.0;
				TARGETED_DEVICE_FAMILY = "1,2";
			};
			name = Debug;
		};
		58CAD484252F700F00C62E64 /* Release */ = {
			isa = XCBuildConfiguration;
			buildSettings = {
				ASSETCATALOG_COMPILER_APPICON_NAME = AppIcon;
				CODE_SIGN_STYLE = Automatic;
				DEVELOPMENT_TEAM = 9KB8RTMTGP;
				INFOPLIST_FILE = WidgetsApp/Info.plist;
				LD_RUNPATH_SEARCH_PATHS = (
					"$(inherited)",
					"@executable_path/Frameworks",
				);
				PRODUCT_BUNDLE_IDENTIFIER = BS.WidgetsApp;
				PRODUCT_NAME = "$(TARGET_NAME)";
				SWIFT_VERSION = 5.0;
				TARGETED_DEVICE_FAMILY = "1,2";
			};
			name = Release;
		};
/* End XCBuildConfiguration section */

/* Begin XCConfigurationList section */
		58CAD469252F700D00C62E64 /* Build configuration list for PBXProject "WidgetsApp" */ = {
			isa = XCConfigurationList;
			buildConfigurations = (
				58CAD480252F700F00C62E64 /* Debug */,
				58CAD481252F700F00C62E64 /* Release */,
			);
			defaultConfigurationIsVisible = 0;
			defaultConfigurationName = Release;
		};
		58CAD482252F700F00C62E64 /* Build configuration list for PBXNativeTarget "WidgetsApp" */ = {
			isa = XCConfigurationList;
			buildConfigurations = (
				58CAD483252F700F00C62E64 /* Debug */,
				58CAD484252F700F00C62E64 /* Release */,
			);
			defaultConfigurationIsVisible = 0;
			defaultConfigurationName = Release;
		};
/* End XCConfigurationList section */
	};
	rootObject = 58CAD466252F700D00C62E64 /* Project object */;
}
